
Microsoft Visual Studio Solution File, Format Version 12.00
# Visual Studio 2012
Project("{FAE04EC0-301F-11D3-BF4B-00C04F79EFBC}") = "AI.nRepo", "AI.nRepo\AI.nRepo.csproj", "{428C6025-FE2E-4385-8908-9443641C1388}"
EndProject
Project("{FAE04EC0-301F-11D3-BF4B-00C04F79EFBC}") = "AI.nRepo.Tests", "AI.nRepo.Tests\AI.nRepo.Tests.csproj", "{95CF7A47-F931-43F4-897A-B9530DED4BDC}"
EndProject
Global
	GlobalSection(SolutionConfigurationPlatforms) = preSolution
		Debug|Any CPU = Debug|Any CPU
		Release|Any CPU = Release|Any CPU
	EndGlobalSection
	GlobalSection(ProjectConfigurationPlatforms) = postSolution
		{428C6025-FE2E-4385-8908-9443641C1388}.Debug|Any CPU.ActiveCfg = Debug|Any CPU
		{428C6025-FE2E-4385-8908-9443641C1388}.Debug|Any CPU.Build.0 = Debug|Any CPU
		{428C6025-FE2E-4385-8908-9443641C1388}.Release|Any CPU.ActiveCfg = Release|Any CPU
		{428C6025-FE2E-4385-8908-9443641C1388}.Release|Any CPU.Build.0 = Release|Any CPU
		{95CF7A47-F931-43F4-897A-B9530DED4BDC}.Debug|Any CPU.ActiveCfg = Debug|Any CPU
		{95CF7A47-F931-43F4-897A-B9530DED4BDC}.Debug|Any CPU.Build.0 = Debug|Any CPU
		{95CF7A47-F931-43F4-897A-B9530DED4BDC}.Release|Any CPU.ActiveCfg = Release|Any CPU
		{95CF7A47-F931-43F4-897A-B9530DED4BDC}.Release|Any CPU.Build.0 = Release|Any CPU
	EndGlobalSection
	GlobalSection(SolutionProperties) = preSolution
		HideSolutionNode = FALSE
	EndGlobalSection
EndGlobal
